
Microsoft Visual Studio Solution File, Format Version 12.00
# Visual Studio Version 17
VisualStudioVersion = 17.2.32505.173
MinimumVisualStudioVersion = 10.0.40219.1
Project("{9A19103F-16F7-4668-BE54-9A1E7A4F7556}") = "BlazorFullStackCrud.Server", "BlazorFullStackCrud\Server\BlazorFullStackCrud.Server.csproj", "{9EEAAED5-DACE-4130-B1CB-4E141C8DD30A}"
EndProject
Project("{9A19103F-16F7-4668-BE54-9A1E7A4F7556}") = "BlazorFullStackCrud.Client", "BlazorFullStackCrud\Client\BlazorFullStackCrud.Client.csproj", "{7960D6C8-3894-4FA9-88A0-200543CEEF31}"
EndProject
Project("{9A19103F-16F7-4668-BE54-9A1E7A4F7556}") = "BlazorFullStackCrud.Shared", "BlazorFullStackCrud\Shared\BlazorFullStackCrud.Shared.csproj", "{80CD4246-8A36-43F2-8524-DDC6B8A08244}"
EndProject
Global
	GlobalSection(SolutionConfigurationPlatforms) = preSolution
		Debug|Any CPU = Debug|Any CPU
		Release|Any CPU = Release|Any CPU
	EndGlobalSection
	GlobalSection(ProjectConfigurationPlatforms) = postSolution
		{9EEAAED5-DACE-4130-B1CB-4E141C8DD30A}.Debug|Any CPU.ActiveCfg = Debug|Any CPU
		{9EEAAED5-DACE-4130-B1CB-4E141C8DD30A}.Debug|Any CPU.Build.0 = Debug|Any CPU
		{9EEAAED5-DACE-4130-B1CB-4E141C8DD30A}.Release|Any CPU.ActiveCfg = Release|Any CPU
		{9EEAAED5-DACE-4130-B1CB-4E141C8DD30A}.Release|Any CPU.Build.0 = Release|Any CPU
		{7960D6C8-3894-4FA9-88A0-200543CEEF31}.Debug|Any CPU.ActiveCfg = Debug|Any CPU
		{7960D6C8-3894-4FA9-88A0-200543CEEF31}.Debug|Any CPU.Build.0 = Debug|Any CPU
		{7960D6C8-3894-4FA9-88A0-200543CEEF31}.Release|Any CPU.ActiveCfg = Release|Any CPU
		{7960D6C8-3894-4FA9-88A0-200543CEEF31}.Release|Any CPU.Build.0 = Release|Any CPU
		{80CD4246-8A36-43F2-8524-DDC6B8A08244}.Debug|Any CPU.ActiveCfg = Debug|Any CPU
		{80CD4246-8A36-43F2-8524-DDC6B8A08244}.Debug|Any CPU.Build.0 = Debug|Any CPU
		{80CD4246-8A36-43F2-8524-DDC6B8A08244}.Release|Any CPU.ActiveCfg = Release|Any CPU
		{80CD4246-8A36-43F2-8524-DDC6B8A08244}.Release|Any CPU.Build.0 = Release|Any CPU
	EndGlobalSection
	GlobalSection(SolutionProperties) = preSolution
		HideSolutionNode = FALSE
	EndGlobalSection
	GlobalSection(ExtensibilityGlobals) = postSolution
		SolutionGuid = {34A37257-0980-42B4-BC0C-FB3CEA69465C}
	EndGlobalSection
EndGlobal
